
Microsoft Visual Studio Solution File, Format Version 12.00
# Visual Studio Version 16
VisualStudioVersion = 16.0.29911.84
MinimumVisualStudioVersion = 10.0.40219.1
Project("{FAE04EC0-301F-11D3-BF4B-00C04F79EFBC}") = "COSMONAUTA.WEB", "COSMONAUTA.WEB\COSMONAUTA.WEB.csproj", "{18FF06EE-AA63-42C3-9A07-B9DC75D7F942}"
EndProject
Project("{FAE04EC0-301F-11D3-BF4B-00C04F79EFBC}") = "COSMONAUTA.DAL", "COSMONAUTA.DAL\COSMONAUTA.DAL.csproj", "{5605F2DA-1234-4A05-9A57-46C37A9B43FD}"
EndProject
Project("{FAE04EC0-301F-11D3-BF4B-00C04F79EFBC}") = "COSMONAUTA.DAO", "COSMONAUTA.DAO\COSMONAUTA.DAO.csproj", "{51CD8D43-185A-4A75-B099-37FE7AB06272}"
EndProject
Project("{00D1A9C2-B5F0-4AF3-8072-F6C62B433612}") = "COSMONAUTA.DB", "COSMONAUTA.DB\COSMONAUTA.DB.sqlproj", "{19C8D680-8283-4C9E-AD58-89C106D3F383}"
EndProject
Project("{FAE04EC0-301F-11D3-BF4B-00C04F79EFBC}") = "NASA.API", "NASA.API\NASA.API.csproj", "{F5DEE7EA-F361-45DC-84CA-84D7671ED6E1}"
EndProject
Global
	GlobalSection(SolutionConfigurationPlatforms) = preSolution
		Debug|Any CPU = Debug|Any CPU
		Release|Any CPU = Release|Any CPU
	EndGlobalSection
	GlobalSection(ProjectConfigurationPlatforms) = postSolution
		{18FF06EE-AA63-42C3-9A07-B9DC75D7F942}.Debug|Any CPU.ActiveCfg = Debug|Any CPU
		{18FF06EE-AA63-42C3-9A07-B9DC75D7F942}.Debug|Any CPU.Build.0 = Debug|Any CPU
		{18FF06EE-AA63-42C3-9A07-B9DC75D7F942}.Release|Any CPU.ActiveCfg = Release|Any CPU
		{18FF06EE-AA63-42C3-9A07-B9DC75D7F942}.Release|Any CPU.Build.0 = Release|Any CPU
		{5605F2DA-1234-4A05-9A57-46C37A9B43FD}.Debug|Any CPU.ActiveCfg = Debug|Any CPU
		{5605F2DA-1234-4A05-9A57-46C37A9B43FD}.Debug|Any CPU.Build.0 = Debug|Any CPU
		{5605F2DA-1234-4A05-9A57-46C37A9B43FD}.Release|Any CPU.ActiveCfg = Release|Any CPU
		{5605F2DA-1234-4A05-9A57-46C37A9B43FD}.Release|Any CPU.Build.0 = Release|Any CPU
		{51CD8D43-185A-4A75-B099-37FE7AB06272}.Debug|Any CPU.ActiveCfg = Debug|Any CPU
		{51CD8D43-185A-4A75-B099-37FE7AB06272}.Debug|Any CPU.Build.0 = Debug|Any CPU
		{51CD8D43-185A-4A75-B099-37FE7AB06272}.Release|Any CPU.ActiveCfg = Release|Any CPU
		{51CD8D43-185A-4A75-B099-37FE7AB06272}.Release|Any CPU.Build.0 = Release|Any CPU
		{19C8D680-8283-4C9E-AD58-89C106D3F383}.Debug|Any CPU.ActiveCfg = Debug|Any CPU
		{19C8D680-8283-4C9E-AD58-89C106D3F383}.Debug|Any CPU.Build.0 = Debug|Any CPU
		{19C8D680-8283-4C9E-AD58-89C106D3F383}.Debug|Any CPU.Deploy.0 = Debug|Any CPU
		{19C8D680-8283-4C9E-AD58-89C106D3F383}.Release|Any CPU.ActiveCfg = Release|Any CPU
		{19C8D680-8283-4C9E-AD58-89C106D3F383}.Release|Any CPU.Build.0 = Release|Any CPU
		{19C8D680-8283-4C9E-AD58-89C106D3F383}.Release|Any CPU.Deploy.0 = Release|Any CPU
		{F5DEE7EA-F361-45DC-84CA-84D7671ED6E1}.Debug|Any CPU.ActiveCfg = Debug|Any CPU
		{F5DEE7EA-F361-45DC-84CA-84D7671ED6E1}.Debug|Any CPU.Build.0 = Debug|Any CPU
		{F5DEE7EA-F361-45DC-84CA-84D7671ED6E1}.Release|Any CPU.ActiveCfg = Release|Any CPU
		{F5DEE7EA-F361-45DC-84CA-84D7671ED6E1}.Release|Any CPU.Build.0 = Release|Any CPU
	EndGlobalSection
	GlobalSection(SolutionProperties) = preSolution
		HideSolutionNode = FALSE
	EndGlobalSection
	GlobalSection(ExtensibilityGlobals) = postSolution
		SolutionGuid = {D75A2BE3-B8B0-4115-95BF-BB0FEA19A73C}
	EndGlobalSection
EndGlobal
